
Microsoft Visual Studio Solution File, Format Version 12.00
# Visual Studio 2012
Project("{FAE04EC0-301F-11D3-BF4B-00C04F79EFBC}") = "Dypo", "Dypo\Dypo.csproj", "{63F4B4B5-F7A7-43EB-AABE-2D663CDB1957}"
EndProject
Project("{FAE04EC0-301F-11D3-BF4B-00C04F79EFBC}") = "Dypo.Tests", "Dypo.Tests\Dypo.Tests.csproj", "{F07303DD-0FCC-4954-8F4F-12839C788127}"
EndProject
Global
	GlobalSection(SolutionConfigurationPlatforms) = preSolution
		Debug|Any CPU = Debug|Any CPU
		Release|Any CPU = Release|Any CPU
	EndGlobalSection
	GlobalSection(ProjectConfigurationPlatforms) = postSolution
		{63F4B4B5-F7A7-43EB-AABE-2D663CDB1957}.Debug|Any CPU.ActiveCfg = Debug|Any CPU
		{63F4B4B5-F7A7-43EB-AABE-2D663CDB1957}.Debug|Any CPU.Build.0 = Debug|Any CPU
		{63F4B4B5-F7A7-43EB-AABE-2D663CDB1957}.Release|Any CPU.ActiveCfg = Release|Any CPU
		{63F4B4B5-F7A7-43EB-AABE-2D663CDB1957}.Release|Any CPU.Build.0 = Release|Any CPU
		{F07303DD-0FCC-4954-8F4F-12839C788127}.Debug|Any CPU.ActiveCfg = Debug|Any CPU
		{F07303DD-0FCC-4954-8F4F-12839C788127}.Debug|Any CPU.Build.0 = Debug|Any CPU
		{F07303DD-0FCC-4954-8F4F-12839C788127}.Release|Any CPU.ActiveCfg = Release|Any CPU
		{F07303DD-0FCC-4954-8F4F-12839C788127}.Release|Any CPU.Build.0 = Release|Any CPU
	EndGlobalSection
	GlobalSection(SolutionProperties) = preSolution
		HideSolutionNode = FALSE
	EndGlobalSection
EndGlobal
